
Microsoft Visual Studio Solution File, Format Version 12.00
# Visual Studio Version 16
VisualStudioVersion = 16.0.31025.194
MinimumVisualStudioVersion = 10.0.40219.1
Project("{F184B08F-C81C-45F6-A57F-5ABD9991F28F}") = "While Iteration", "While Iteration\While Iteration.vbproj", "{26D77E66-7BB2-4C0D-B9ED-54AB361C7C96}"
EndProject
Global
	GlobalSection(SolutionConfigurationPlatforms) = preSolution
		Debug|Any CPU = Debug|Any CPU
		Release|Any CPU = Release|Any CPU
	EndGlobalSection
	GlobalSection(ProjectConfigurationPlatforms) = postSolution
		{26D77E66-7BB2-4C0D-B9ED-54AB361C7C96}.Debug|Any CPU.ActiveCfg = Debug|Any CPU
		{26D77E66-7BB2-4C0D-B9ED-54AB361C7C96}.Debug|Any CPU.Build.0 = Debug|Any CPU
		{26D77E66-7BB2-4C0D-B9ED-54AB361C7C96}.Release|Any CPU.ActiveCfg = Release|Any CPU
		{26D77E66-7BB2-4C0D-B9ED-54AB361C7C96}.Release|Any CPU.Build.0 = Release|Any CPU
	EndGlobalSection
	GlobalSection(SolutionProperties) = preSolution
		HideSolutionNode = FALSE
	EndGlobalSection
	GlobalSection(ExtensibilityGlobals) = postSolution
		SolutionGuid = {67D2694A-0EFC-4B41-9F1A-E680123B5A0A}
	EndGlobalSection
EndGlobal
