
Microsoft Visual Studio Solution File, Format Version 12.00
# Visual Studio Version 16
VisualStudioVersion = 16.0.31112.23
MinimumVisualStudioVersion = 10.0.40219.1
Project("{F184B08F-C81C-45F6-A57F-5ABD9991F28F}") = "UnderstandngSelectCase", "UnderstandngSelectCase.vbproj", "{2A39C50F-FDC5-4417-A51C-A54CFCF4C78B}"
EndProject
Global
	GlobalSection(SolutionConfigurationPlatforms) = preSolution
		Debug|Any CPU = Debug|Any CPU
		Release|Any CPU = Release|Any CPU
	EndGlobalSection
	GlobalSection(ProjectConfigurationPlatforms) = postSolution
		{2A39C50F-FDC5-4417-A51C-A54CFCF4C78B}.Debug|Any CPU.ActiveCfg = Debug|Any CPU
		{2A39C50F-FDC5-4417-A51C-A54CFCF4C78B}.Debug|Any CPU.Build.0 = Debug|Any CPU
		{2A39C50F-FDC5-4417-A51C-A54CFCF4C78B}.Release|Any CPU.ActiveCfg = Release|Any CPU
		{2A39C50F-FDC5-4417-A51C-A54CFCF4C78B}.Release|Any CPU.Build.0 = Release|Any CPU
	EndGlobalSection
	GlobalSection(SolutionProperties) = preSolution
		HideSolutionNode = FALSE
	EndGlobalSection
	GlobalSection(ExtensibilityGlobals) = postSolution
		SolutionGuid = {FE293944-AC64-4D55-935A-5DAC1DDE1855}
	EndGlobalSection
EndGlobal
