
Microsoft Visual Studio Solution File, Format Version 12.00
# Visual Studio Version 16
VisualStudioVersion = 16.0.31025.194
MinimumVisualStudioVersion = 10.0.40219.1
Project("{F184B08F-C81C-45F6-A57F-5ABD9991F28F}") = "SimpleClasses", "SimpleClasses\SimpleClasses.vbproj", "{2E7DA4EA-7D93-4BFF-BA67-A561D9971E93}"
EndProject
Global
	GlobalSection(SolutionConfigurationPlatforms) = preSolution
		Debug|Any CPU = Debug|Any CPU
		Release|Any CPU = Release|Any CPU
	EndGlobalSection
	GlobalSection(ProjectConfigurationPlatforms) = postSolution
		{2E7DA4EA-7D93-4BFF-BA67-A561D9971E93}.Debug|Any CPU.ActiveCfg = Debug|Any CPU
		{2E7DA4EA-7D93-4BFF-BA67-A561D9971E93}.Debug|Any CPU.Build.0 = Debug|Any CPU
		{2E7DA4EA-7D93-4BFF-BA67-A561D9971E93}.Release|Any CPU.ActiveCfg = Release|Any CPU
		{2E7DA4EA-7D93-4BFF-BA67-A561D9971E93}.Release|Any CPU.Build.0 = Release|Any CPU
	EndGlobalSection
	GlobalSection(SolutionProperties) = preSolution
		HideSolutionNode = FALSE
	EndGlobalSection
	GlobalSection(ExtensibilityGlobals) = postSolution
		SolutionGuid = {25ED47AD-A651-4585-A997-EA67617D4330}
	EndGlobalSection
EndGlobal
